
Microsoft Visual Studio Solution File, Format Version 12.00
# Visual Studio Version 16
VisualStudioVersion = 16.0.31112.23
MinimumVisualStudioVersion = 10.0.40219.1
Project("{9A19103F-16F7-4668-BE54-9A1E7A4F7556}") = "API", "API\API.csproj", "{A1A9276B-6510-4752-8934-4F331C97BEC8}"
EndProject
Project("{9A19103F-16F7-4668-BE54-9A1E7A4F7556}") = "Business", "Business\Business.csproj", "{4D32E76B-D217-424D-AA21-D64F4E9DF984}"
EndProject
Project("{9A19103F-16F7-4668-BE54-9A1E7A4F7556}") = "Core", "Core\Core.csproj", "{D98E7252-8EF8-4D55-B7E3-9577A76DC67B}"
EndProject
Project("{9A19103F-16F7-4668-BE54-9A1E7A4F7556}") = "DataAccess", "DataAccess\DataAccess.csproj", "{5BB6FA1C-6479-451A-96D3-918AE5433C3D}"
EndProject
Project("{9A19103F-16F7-4668-BE54-9A1E7A4F7556}") = "Entities", "Entities\Entities.csproj", "{2A258ED0-A453-4D46-8511-9BA8900CB3AF}"
EndProject
Global
	GlobalSection(SolutionConfigurationPlatforms) = preSolution
		Debug|Any CPU = Debug|Any CPU
		Release|Any CPU = Release|Any CPU
	EndGlobalSection
	GlobalSection(ProjectConfigurationPlatforms) = postSolution
		{A1A9276B-6510-4752-8934-4F331C97BEC8}.Debug|Any CPU.ActiveCfg = Debug|Any CPU
		{A1A9276B-6510-4752-8934-4F331C97BEC8}.Debug|Any CPU.Build.0 = Debug|Any CPU
		{A1A9276B-6510-4752-8934-4F331C97BEC8}.Release|Any CPU.ActiveCfg = Release|Any CPU
		{A1A9276B-6510-4752-8934-4F331C97BEC8}.Release|Any CPU.Build.0 = Release|Any CPU
		{4D32E76B-D217-424D-AA21-D64F4E9DF984}.Debug|Any CPU.ActiveCfg = Debug|Any CPU
		{4D32E76B-D217-424D-AA21-D64F4E9DF984}.Debug|Any CPU.Build.0 = Debug|Any CPU
		{4D32E76B-D217-424D-AA21-D64F4E9DF984}.Release|Any CPU.ActiveCfg = Release|Any CPU
		{4D32E76B-D217-424D-AA21-D64F4E9DF984}.Release|Any CPU.Build.0 = Release|Any CPU
		{D98E7252-8EF8-4D55-B7E3-9577A76DC67B}.Debug|Any CPU.ActiveCfg = Debug|Any CPU
		{D98E7252-8EF8-4D55-B7E3-9577A76DC67B}.Debug|Any CPU.Build.0 = Debug|Any CPU
		{D98E7252-8EF8-4D55-B7E3-9577A76DC67B}.Release|Any CPU.ActiveCfg = Release|Any CPU
		{D98E7252-8EF8-4D55-B7E3-9577A76DC67B}.Release|Any CPU.Build.0 = Release|Any CPU
		{5BB6FA1C-6479-451A-96D3-918AE5433C3D}.Debug|Any CPU.ActiveCfg = Debug|Any CPU
		{5BB6FA1C-6479-451A-96D3-918AE5433C3D}.Debug|Any CPU.Build.0 = Debug|Any CPU
		{5BB6FA1C-6479-451A-96D3-918AE5433C3D}.Release|Any CPU.ActiveCfg = Release|Any CPU
		{5BB6FA1C-6479-451A-96D3-918AE5433C3D}.Release|Any CPU.Build.0 = Release|Any CPU
		{2A258ED0-A453-4D46-8511-9BA8900CB3AF}.Debug|Any CPU.ActiveCfg = Debug|Any CPU
		{2A258ED0-A453-4D46-8511-9BA8900CB3AF}.Debug|Any CPU.Build.0 = Debug|Any CPU
		{2A258ED0-A453-4D46-8511-9BA8900CB3AF}.Release|Any CPU.ActiveCfg = Release|Any CPU
		{2A258ED0-A453-4D46-8511-9BA8900CB3AF}.Release|Any CPU.Build.0 = Release|Any CPU
	EndGlobalSection
	GlobalSection(SolutionProperties) = preSolution
		HideSolutionNode = FALSE
	EndGlobalSection
	GlobalSection(ExtensibilityGlobals) = postSolution
		SolutionGuid = {4F48309C-8080-4228-B21F-401664EB2037}
	EndGlobalSection
EndGlobal
