
Microsoft Visual Studio Solution File, Format Version 12.00
# Visual Studio Version 16
VisualStudioVersion = 16.0.31112.23
MinimumVisualStudioVersion = 10.0.40219.1
Project("{2150E333-8FDC-42A3-9474-1A3956D46DE8}") = "Libraries", "Libraries", "{262A50AF-1EB3-4CF5-A816-BAF2E85B3120}"
EndProject
Project("{2150E333-8FDC-42A3-9474-1A3956D46DE8}") = "Presentations", "Presentations", "{6CBF9503-BAFD-451C-B40A-FF5953884400}"
EndProject
Project("{9A19103F-16F7-4668-BE54-9A1E7A4F7556}") = "Business", "Libraries\Business\Business.csproj", "{2D1EED45-6DDA-406D-9167-9C71728368ED}"
EndProject
Project("{9A19103F-16F7-4668-BE54-9A1E7A4F7556}") = "Core", "Libraries\Core\Core.csproj", "{91A9A3F9-C31B-46A0-91F1-63C7047D4F7D}"
EndProject
Project("{9A19103F-16F7-4668-BE54-9A1E7A4F7556}") = "DataAccess", "Libraries\DataAccess\DataAccess.csproj", "{DEB0FD11-BE73-4C6A-828C-BAA7E45E4D0C}"
EndProject
Project("{9A19103F-16F7-4668-BE54-9A1E7A4F7556}") = "Entities", "Libraries\Entities\Entities.csproj", "{55CD5E4E-0894-4FEB-B957-5A97E6329945}"
EndProject
Project("{9A19103F-16F7-4668-BE54-9A1E7A4F7556}") = "API", "Presentations\API\API.csproj", "{3FC8BD1F-8F8C-48B8-9AE6-795B86E97728}"
EndProject
Global
	GlobalSection(SolutionConfigurationPlatforms) = preSolution
		Debug|Any CPU = Debug|Any CPU
		Release|Any CPU = Release|Any CPU
	EndGlobalSection
	GlobalSection(ProjectConfigurationPlatforms) = postSolution
		{2D1EED45-6DDA-406D-9167-9C71728368ED}.Debug|Any CPU.ActiveCfg = Debug|Any CPU
		{2D1EED45-6DDA-406D-9167-9C71728368ED}.Debug|Any CPU.Build.0 = Debug|Any CPU
		{2D1EED45-6DDA-406D-9167-9C71728368ED}.Release|Any CPU.ActiveCfg = Release|Any CPU
		{2D1EED45-6DDA-406D-9167-9C71728368ED}.Release|Any CPU.Build.0 = Release|Any CPU
		{91A9A3F9-C31B-46A0-91F1-63C7047D4F7D}.Debug|Any CPU.ActiveCfg = Debug|Any CPU
		{91A9A3F9-C31B-46A0-91F1-63C7047D4F7D}.Debug|Any CPU.Build.0 = Debug|Any CPU
		{91A9A3F9-C31B-46A0-91F1-63C7047D4F7D}.Release|Any CPU.ActiveCfg = Release|Any CPU
		{91A9A3F9-C31B-46A0-91F1-63C7047D4F7D}.Release|Any CPU.Build.0 = Release|Any CPU
		{DEB0FD11-BE73-4C6A-828C-BAA7E45E4D0C}.Debug|Any CPU.ActiveCfg = Debug|Any CPU
		{DEB0FD11-BE73-4C6A-828C-BAA7E45E4D0C}.Debug|Any CPU.Build.0 = Debug|Any CPU
		{DEB0FD11-BE73-4C6A-828C-BAA7E45E4D0C}.Release|Any CPU.ActiveCfg = Release|Any CPU
		{DEB0FD11-BE73-4C6A-828C-BAA7E45E4D0C}.Release|Any CPU.Build.0 = Release|Any CPU
		{55CD5E4E-0894-4FEB-B957-5A97E6329945}.Debug|Any CPU.ActiveCfg = Debug|Any CPU
		{55CD5E4E-0894-4FEB-B957-5A97E6329945}.Debug|Any CPU.Build.0 = Debug|Any CPU
		{55CD5E4E-0894-4FEB-B957-5A97E6329945}.Release|Any CPU.ActiveCfg = Release|Any CPU
		{55CD5E4E-0894-4FEB-B957-5A97E6329945}.Release|Any CPU.Build.0 = Release|Any CPU
		{3FC8BD1F-8F8C-48B8-9AE6-795B86E97728}.Debug|Any CPU.ActiveCfg = Debug|Any CPU
		{3FC8BD1F-8F8C-48B8-9AE6-795B86E97728}.Debug|Any CPU.Build.0 = Debug|Any CPU
		{3FC8BD1F-8F8C-48B8-9AE6-795B86E97728}.Release|Any CPU.ActiveCfg = Release|Any CPU
		{3FC8BD1F-8F8C-48B8-9AE6-795B86E97728}.Release|Any CPU.Build.0 = Release|Any CPU
	EndGlobalSection
	GlobalSection(SolutionProperties) = preSolution
		HideSolutionNode = FALSE
	EndGlobalSection
	GlobalSection(NestedProjects) = preSolution
		{2D1EED45-6DDA-406D-9167-9C71728368ED} = {262A50AF-1EB3-4CF5-A816-BAF2E85B3120}
		{91A9A3F9-C31B-46A0-91F1-63C7047D4F7D} = {262A50AF-1EB3-4CF5-A816-BAF2E85B3120}
		{DEB0FD11-BE73-4C6A-828C-BAA7E45E4D0C} = {262A50AF-1EB3-4CF5-A816-BAF2E85B3120}
		{55CD5E4E-0894-4FEB-B957-5A97E6329945} = {262A50AF-1EB3-4CF5-A816-BAF2E85B3120}
		{3FC8BD1F-8F8C-48B8-9AE6-795B86E97728} = {6CBF9503-BAFD-451C-B40A-FF5953884400}
	EndGlobalSection
	GlobalSection(ExtensibilityGlobals) = postSolution
		SolutionGuid = {4F48309C-8080-4228-B21F-401664EB2037}
	EndGlobalSection
EndGlobal
